
Microsoft Visual Studio Solution File, Format Version 12.00
# Visual Studio Version 16
VisualStudioVersion = 16.0.31424.327
MinimumVisualStudioVersion = 10.0.40219.1
Project("{8BC9CEB8-8B4A-11D0-8D11-00A0C91BC942}") = "Q1", "Q1\Q1.vcxproj", "{2A6A4FB1-C2D2-4A01-AA85-1A0F7B4EECD1}"
EndProject
Global
	GlobalSection(SolutionConfigurationPlatforms) = preSolution
		Debug|x64 = Debug|x64
		Debug|x86 = Debug|x86
		Release|x64 = Release|x64
		Release|x86 = Release|x86
	EndGlobalSection
	GlobalSection(ProjectConfigurationPlatforms) = postSolution
		{2A6A4FB1-C2D2-4A01-AA85-1A0F7B4EECD1}.Debug|x64.ActiveCfg = Debug|x64
		{2A6A4FB1-C2D2-4A01-AA85-1A0F7B4EECD1}.Debug|x64.Build.0 = Debug|x64
		{2A6A4FB1-C2D2-4A01-AA85-1A0F7B4EECD1}.Debug|x86.ActiveCfg = Debug|Win32
		{2A6A4FB1-C2D2-4A01-AA85-1A0F7B4EECD1}.Debug|x86.Build.0 = Debug|Win32
		{2A6A4FB1-C2D2-4A01-AA85-1A0F7B4EECD1}.Release|x64.ActiveCfg = Release|x64
		{2A6A4FB1-C2D2-4A01-AA85-1A0F7B4EECD1}.Release|x64.Build.0 = Release|x64
		{2A6A4FB1-C2D2-4A01-AA85-1A0F7B4EECD1}.Release|x86.ActiveCfg = Release|Win32
		{2A6A4FB1-C2D2-4A01-AA85-1A0F7B4EECD1}.Release|x86.Build.0 = Release|Win32
	EndGlobalSection
	GlobalSection(SolutionProperties) = preSolution
		HideSolutionNode = FALSE
	EndGlobalSection
	GlobalSection(ExtensibilityGlobals) = postSolution
		SolutionGuid = {DC221A1F-9D25-4B24-B66C-2E641E8390FB}
	EndGlobalSection
EndGlobal
